{
    "version": 3,
    "terraform_version": "0.11.7",
    "serial": 4,
    "lineage": "f862c913-6b9b-795d-260d-b0300a944a03",
    "modules": [
        {
            "path": [
                "root"
            ],
            "outputs": {
                "vpc_id": {
                    "sensitive": false,
                    "type": "string",
                    "value": "vpc-0382dc67"
                }
            },
            "resources": {
                "aws_instance.web": {
                    "type": "aws_instance",
                    "depends_on": [
                        "aws_key_pair.deployer",
                        "data.aws_ami.ubuntu",
                        "data.aws_security_group.sec_group"
                    ],
                    "primary": {
                        "id": "i-0f93333a1c3cf15e5",
                        "attributes": {
                            "ami": "ami-221f5c5a",
                            "associate_public_ip_address": "true",
                            "availability_zone": "us-west-2b",
                            "credit_specification.#": "1",
                            "credit_specification.0.cpu_credits": "standard",
                            "disable_api_termination": "false",
                            "ebs_block_device.#": "0",
                            "ebs_optimized": "false",
                            "ephemeral_block_device.#": "0",
                            "get_password_data": "false",
                            "iam_instance_profile": "",
                            "id": "i-0f93333a1c3cf15e5",
                            "instance_state": "running",
                            "instance_type": "t2.micro",
                            "ipv6_addresses.#": "0",
                            "key_name": "id_rsa",
                            "monitoring": "false",
                            "network_interface.#": "0",
                            "network_interface_id": "eni-fe0e8714",
                            "password_data": "",
                            "placement_group": "",
                            "primary_network_interface_id": "eni-fe0e8714",
                            "private_dns": "ip-172-31-47-119.us-west-2.compute.internal",
                            "private_ip": "172.31.47.119",
                            "public_dns": "ec2-35-166-110-220.us-west-2.compute.amazonaws.com",
                            "public_ip": "35.166.110.220",
                            "root_block_device.#": "1",
                            "root_block_device.0.delete_on_termination": "true",
                            "root_block_device.0.iops": "100",
                            "root_block_device.0.volume_id": "vol-0ce9535957357bac4",
                            "root_block_device.0.volume_size": "8",
                            "root_block_device.0.volume_type": "gp2",
                            "security_groups.#": "1",
                            "security_groups.3814588639": "default",
                            "source_dest_check": "true",
                            "subnet_id": "subnet-c23bd6a7",
                            "tags.%": "1",
                            "tags.Name": "CrashCourse",
                            "tenancy": "default",
                            "volume_tags.%": "0",
                            "vpc_security_group_ids.#": "1",
                            "vpc_security_group_ids.1031498708": "sg-3a2bdd5f"
                        },
                        "meta": {
                            "e2bfb730-ecaa-11e6-8f88-34363bc7c4c0": {
                                "create": 600000000000,
                                "delete": 1200000000000,
                                "update": 600000000000
                            },
                            "schema_version": "1"
                        },
                        "tainted": false
                    },
                    "deposed": [],
                    "provider": "provider.aws"
                },
                "aws_key_pair.deployer": {
                    "type": "aws_key_pair",
                    "depends_on": [],
                    "primary": {
                        "id": "id_rsa",
                        "attributes": {
                            "id": "id_rsa",
                            "key_name": "id_rsa",
                            "public_key": "ssh-rsa AAAAB3NzaC1yc2EAAAADAQABAAACAQDFH4AuYHYp97rCybI6fkEYKUQuwZrFOeYOUfbU5gFaWHVwi4w+My7vlAmf0bKZTl/WQxFoNjun/DUv+hw5lvKI3EFAdS/mwq4wQHFZwD6DtSA66yndF7zczOU+GzZTPiGN1BaS+ELZ90IZq2KVOtCwfxOkvVyIPzUkhGh7OQwSHTVTay3COxfCxAdDjt3ir7FERuBKRooYGxyqlgBX06S9Fiwgq2c9Kwx6r2LQlVpxDO005U0VRhFQR/by+e+x/jV1iVrit/HOpvKqdLqlQVBkXLqJTAI9luywFSNlzsfuRcy5rETKkzYGKNTHYY7rVhrNNU8EGGDK7X2xhFXsI0tDnPfySG0OR4CkvUE7Yuqmo/vd3jwjPaRcLHMXrjteRmkk7hUkoqoX5S3Q1X0A/hBzkG9NKo2lRllke2M+hkzDpJkAfJDD6Dj1RE8TYdb7RuFQ8wuFREWIeJNUqDs11GXInsAlVe3hHF0PWRgR5OLqWXn820Zm7VGJGiyWPDwWUZHRAT4jKqLKQlvySinBWPyANr9E+StyQdC8dNb+ZF9elaI/fpyIzekAdJJS4a8IWh/Ix545n6L8fhjqf+Cxvzx/IHM+QgBRJY54mokfKPscs8AU4BSfJLTg4+0NzvQoAH+mpZfqnKSZTPQttigpCp4rkgurNuuefKz7nEq4RCfEdQ== kamila.kaczorek@netguru.co"
                        },
                        "meta": {
                            "schema_version": "1"
                        },
                        "tainted": false
                    },
                    "deposed": [],
                    "provider": "provider.aws"
                },
                "data.aws_ami.ubuntu": {
                    "type": "aws_ami",
                    "depends_on": [],
                    "primary": {
                        "id": "ami-221f5c5a",
                        "attributes": {
                            "architecture": "x86_64",
                            "block_device_mappings.#": "3",
                            "block_device_mappings.1634610537.device_name": "/dev/sdb",
                            "block_device_mappings.1634610537.ebs.%": "0",
                            "block_device_mappings.1634610537.no_device": "",
                            "block_device_mappings.1634610537.virtual_name": "ephemeral0",
                            "block_device_mappings.2547816212.device_name": "/dev/sda1",
                            "block_device_mappings.2547816212.ebs.%": "6",
                            "block_device_mappings.2547816212.ebs.delete_on_termination": "true",
                            "block_device_mappings.2547816212.ebs.encrypted": "false",
                            "block_device_mappings.2547816212.ebs.iops": "0",
                            "block_device_mappings.2547816212.ebs.snapshot_id": "snap-048227c31a2fa9658",
                            "block_device_mappings.2547816212.ebs.volume_size": "8",
                            "block_device_mappings.2547816212.ebs.volume_type": "gp2",
                            "block_device_mappings.2547816212.no_device": "",
                            "block_device_mappings.2547816212.virtual_name": "",
                            "block_device_mappings.3850042718.device_name": "/dev/sdc",
                            "block_device_mappings.3850042718.ebs.%": "0",
                            "block_device_mappings.3850042718.no_device": "",
                            "block_device_mappings.3850042718.virtual_name": "ephemeral1",
                            "creation_date": "2018-06-12T09:57:21.000Z",
                            "description": "Canonical, Ubuntu, 14.04 LTS, amd64 trusty image build on 2018-06-11",
                            "filter.#": "2",
                            "filter.4182425345.name": "name",
                            "filter.4182425345.values.#": "1",
                            "filter.4182425345.values.0": "ubuntu/images/hvm-ssd/ubuntu-trusty-14.04-amd64-server-*",
                            "filter.490168357.name": "virtualization-type",
                            "filter.490168357.values.#": "1",
                            "filter.490168357.values.0": "hvm",
                            "hypervisor": "xen",
                            "id": "ami-221f5c5a",
                            "image_id": "ami-221f5c5a",
                            "image_location": "099720109477/ubuntu/images/hvm-ssd/ubuntu-trusty-14.04-amd64-server-20180611",
                            "image_type": "machine",
                            "most_recent": "true",
                            "name": "ubuntu/images/hvm-ssd/ubuntu-trusty-14.04-amd64-server-20180611",
                            "owner_id": "099720109477",
                            "owners.#": "1",
                            "owners.0": "099720109477",
                            "product_codes.#": "0",
                            "public": "true",
                            "root_device_name": "/dev/sda1",
                            "root_device_type": "ebs",
                            "root_snapshot_id": "snap-048227c31a2fa9658",
                            "sriov_net_support": "simple",
                            "state": "available",
                            "state_reason.%": "2",
                            "state_reason.code": "UNSET",
                            "state_reason.message": "UNSET",
                            "tags.%": "0",
                            "virtualization_type": "hvm"
                        },
                        "meta": {},
                        "tainted": false
                    },
                    "deposed": [],
                    "provider": "provider.aws"
                },
                "data.aws_security_group.sec_group": {
                    "type": "aws_security_group",
                    "depends_on": [],
                    "primary": {
                        "id": "sg-b9280adf",
                        "attributes": {
                            "arn": "arn:aws:ec2:us-west-2:012359923451:security-group/sg-b9280adf",
                            "description": "default VPC security group",
                            "id": "sg-b9280adf",
                            "name": "default",
                            "tags.%": "0",
                            "vpc_id": "vpc-0382dc67"
                        },
                        "meta": {},
                        "tainted": false
                    },
                    "deposed": [],
                    "provider": "provider.aws"
                }
            },
            "depends_on": []
        }
    ]
}
